
Microsoft Visual Studio Solution File, Format Version 12.00
# Visual Studio Version 17
VisualStudioVersion = 17.14.36221.1 d17.14
MinimumVisualStudioVersion = 10.0.40219.1
Project("{FAE04EC0-301F-11D3-BF4B-00C04F79EFBC}") = "CalculatorApp", "CalculatorApp\CalculatorApp.csproj", "{A87731EB-74C3-4CDC-BC88-8858993CBBCC}"
EndProject
Global
	GlobalSection(SolutionConfigurationPlatforms) = preSolution
		Debug|Any CPU = Debug|Any CPU
		Release|Any CPU = Release|Any CPU
	EndGlobalSection
	GlobalSection(ProjectConfigurationPlatforms) = postSolution
		{A87731EB-74C3-4CDC-BC88-8858993CBBCC}.Debug|Any CPU.ActiveCfg = Debug|Any CPU
		{A87731EB-74C3-4CDC-BC88-8858993CBBCC}.Debug|Any CPU.Build.0 = Debug|Any CPU
		{A87731EB-74C3-4CDC-BC88-8858993CBBCC}.Release|Any CPU.ActiveCfg = Release|Any CPU
		{A87731EB-74C3-4CDC-BC88-8858993CBBCC}.Release|Any CPU.Build.0 = Release|Any CPU
	EndGlobalSection
	GlobalSection(SolutionProperties) = preSolution
		HideSolutionNode = FALSE
	EndGlobalSection
	GlobalSection(ExtensibilityGlobals) = postSolution
		SolutionGuid = {ADB32401-0BE3-4746-83DD-28B3450A514A}
	EndGlobalSection
EndGlobal
